// !$*UTF8*$!
{
	archiveVersion = 1;
	classes = {
	};
	objectVersion = 56;
	objects = {

/* Begin PBXBuildFile section */
		47285F362A17FE9700735DD2 /* AppDelegate.swift in Sources */ = {isa = PBXBuildFile; fileRef = 47285F352A17FE9700735DD2 /* AppDelegate.swift */; };
		47285F382A17FE9700735DD2 /* SceneDelegate.swift in Sources */ = {isa = PBXBuildFile; fileRef = 47285F372A17FE9700735DD2 /* SceneDelegate.swift */; };
		47285F3A2A17FE9700735DD2 /* ViewController.swift in Sources */ = {isa = PBXBuildFile; fileRef = 47285F392A17FE9700735DD2 /* ViewController.swift */; };
		47285F3D2A17FE9700735DD2 /* Main.storyboard in Resources */ = {isa = PBXBuildFile; fileRef = 47285F3B2A17FE9700735DD2 /* Main.storyboard */; };
		47285F3F2A17FE9900735DD2 /* Assets.xcassets in Resources */ = {isa = PBXBuildFile; fileRef = 47285F3E2A17FE9900735DD2 /* Assets.xcassets */; };
		47285F422A17FE9900735DD2 /* LaunchScreen.storyboard in Resources */ = {isa = PBXBuildFile; fileRef = 47285F402A17FE9900735DD2 /* LaunchScreen.storyboard */; };
		47285F4A2A1B6F7800735DD2 /* CompaniModels.swift in Sources */ = {isa = PBXBuildFile; fileRef = 47285F492A1B6F7800735DD2 /* CompaniModels.swift */; };
		47285F4C2A1B751F00735DD2 /* MyJson.json in Resources */ = {isa = PBXBuildFile; fileRef = 47285F4B2A1B751F00735DD2 /* MyJson.json */; };
		47B2826E2A1C9ADE0002EFBB /* TrendigMovieModels.swift in Sources */ = {isa = PBXBuildFile; fileRef = 47B2826D2A1C9ADE0002EFBB /* TrendigMovieModels.swift */; };
		47B282702A1CAEE40002EFBB /* GenresModel.swift in Sources */ = {isa = PBXBuildFile; fileRef = 47B2826F2A1CAEE40002EFBB /* GenresModel.swift */; };
		47F72CEB2A1D46F2006698B9 /* MovieViewController.swift in Sources */ = {isa = PBXBuildFile; fileRef = 47F72CEA2A1D46F2006698B9 /* MovieViewController.swift */; };
		47F72CEE2A1D4939006698B9 /* Extentions.swift in Sources */ = {isa = PBXBuildFile; fileRef = 47F72CED2A1D4939006698B9 /* Extentions.swift */; };
		47F72CF22A1D52CA006698B9 /* MovieTableViewCell.swift in Sources */ = {isa = PBXBuildFile; fileRef = 47F72CF02A1D52CA006698B9 /* MovieTableViewCell.swift */; };
		47F72CF32A1D52CA006698B9 /* MovieTableViewCell.xib in Resources */ = {isa = PBXBuildFile; fileRef = 47F72CF12A1D52CA006698B9 /* MovieTableViewCell.xib */; };
		47F72DAB2A29FBC5006698B9 /* NatworkManadger.swift in Sources */ = {isa = PBXBuildFile; fileRef = 47F72DAA2A29FBC5006698B9 /* NatworkManadger.swift */; };
		47F72DCE2A2A2282006698B9 /* UserDefaultsManadger.swift in Sources */ = {isa = PBXBuildFile; fileRef = 47F72DCD2A2A2282006698B9 /* UserDefaultsManadger.swift */; };
		47F72DD12A2A7772006698B9 /* DataFlowManager.swift in Sources */ = {isa = PBXBuildFile; fileRef = 47F72DD02A2A7772006698B9 /* DataFlowManager.swift */; };
		47F72DD62A2ABE0E006698B9 /* FileCachingController.swift in Sources */ = {isa = PBXBuildFile; fileRef = 47F72DD52A2ABE0E006698B9 /* FileCachingController.swift */; };
/* End PBXBuildFile section */

/* Begin PBXFileReference section */
		47285F322A17FE9700735DD2 /* HomeWork4_BohdanBuhai.app */ = {isa = PBXFileReference; explicitFileType = wrapper.application; includeInIndex = 0; path = HomeWork4_BohdanBuhai.app; sourceTree = BUILT_PRODUCTS_DIR; };
		47285F352A17FE9700735DD2 /* AppDelegate.swift */ = {isa = PBXFileReference; lastKnownFileType = sourcecode.swift; path = AppDelegate.swift; sourceTree = "<group>"; };
		47285F372A17FE9700735DD2 /* SceneDelegate.swift */ = {isa = PBXFileReference; lastKnownFileType = sourcecode.swift; path = SceneDelegate.swift; sourceTree = "<group>"; };
		47285F392A17FE9700735DD2 /* ViewController.swift */ = {isa = PBXFileReference; lastKnownFileType = sourcecode.swift; path = ViewController.swift; sourceTree = "<group>"; };
		47285F3C2A17FE9700735DD2 /* Base */ = {isa = PBXFileReference; lastKnownFileType = file.storyboard; name = Base; path = Base.lproj/Main.storyboard; sourceTree = "<group>"; };
		47285F3E2A17FE9900735DD2 /* Assets.xcassets */ = {isa = PBXFileReference; lastKnownFileType = folder.assetcatalog; path = Assets.xcassets; sourceTree = "<group>"; };
		47285F412A17FE9900735DD2 /* Base */ = {isa = PBXFileReference; lastKnownFileType = file.storyboard; name = Base; path = Base.lproj/LaunchScreen.storyboard; sourceTree = "<group>"; };
		47285F432A17FE9900735DD2 /* Info.plist */ = {isa = PBXFileReference; lastKnownFileType = text.plist.xml; path = Info.plist; sourceTree = "<group>"; };
		47285F492A1B6F7800735DD2 /* CompaniModels.swift */ = {isa = PBXFileReference; lastKnownFileType = sourcecode.swift; path = CompaniModels.swift; sourceTree = "<group>"; };
		47285F4B2A1B751F00735DD2 /* MyJson.json */ = {isa = PBXFileReference; lastKnownFileType = text.json; path = MyJson.json; sourceTree = "<group>"; };
		47B2826D2A1C9ADE0002EFBB /* TrendigMovieModels.swift */ = {isa = PBXFileReference; lastKnownFileType = sourcecode.swift; path = TrendigMovieModels.swift; sourceTree = "<group>"; };
		47B2826F2A1CAEE40002EFBB /* GenresModel.swift */ = {isa = PBXFileReference; lastKnownFileType = sourcecode.swift; path = GenresModel.swift; sourceTree = "<group>"; };
		47F72CEA2A1D46F2006698B9 /* MovieViewController.swift */ = {isa = PBXFileReference; lastKnownFileType = sourcecode.swift; path = MovieViewController.swift; sourceTree = "<group>"; };
		47F72CED2A1D4939006698B9 /* Extentions.swift */ = {isa = PBXFileReference; lastKnownFileType = sourcecode.swift; path = Extentions.swift; sourceTree = "<group>"; };
		47F72CF02A1D52CA006698B9 /* MovieTableViewCell.swift */ = {isa = PBXFileReference; lastKnownFileType = sourcecode.swift; path = MovieTableViewCell.swift; sourceTree = "<group>"; };
		47F72CF12A1D52CA006698B9 /* MovieTableViewCell.xib */ = {isa = PBXFileReference; lastKnownFileType = file.xib; path = MovieTableViewCell.xib; sourceTree = "<group>"; };
		47F72DAA2A29FBC5006698B9 /* NatworkManadger.swift */ = {isa = PBXFileReference; lastKnownFileType = sourcecode.swift; path = NatworkManadger.swift; sourceTree = "<group>"; };
		47F72DCD2A2A2282006698B9 /* UserDefaultsManadger.swift */ = {isa = PBXFileReference; lastKnownFileType = sourcecode.swift; path = UserDefaultsManadger.swift; sourceTree = "<group>"; };
		47F72DD02A2A7772006698B9 /* DataFlowManager.swift */ = {isa = PBXFileReference; lastKnownFileType = sourcecode.swift; path = DataFlowManager.swift; sourceTree = "<group>"; };
		47F72DD52A2ABE0E006698B9 /* FileCachingController.swift */ = {isa = PBXFileReference; lastKnownFileType = sourcecode.swift; path = FileCachingController.swift; sourceTree = "<group>"; };
/* End PBXFileReference section */

/* Begin PBXFrameworksBuildPhase section */
		47285F2F2A17FE9700735DD2 /* Frameworks */ = {
			isa = PBXFrameworksBuildPhase;
			buildActionMask = 2147483647;
			files = (
			);
			runOnlyForDeploymentPostprocessing = 0;
		};
/* End PBXFrameworksBuildPhase section */

/* Begin PBXGroup section */
		47285F292A17FE9700735DD2 = {
			isa = PBXGroup;
			children = (
				47285F342A17FE9700735DD2 /* HomeWork4_BohdanBuhai */,
				47285F332A17FE9700735DD2 /* Products */,
			);
			sourceTree = "<group>";
		};
		47285F332A17FE9700735DD2 /* Products */ = {
			isa = PBXGroup;
			children = (
				47285F322A17FE9700735DD2 /* HomeWork4_BohdanBuhai.app */,
			);
			name = Products;
			sourceTree = "<group>";
		};
		47285F342A17FE9700735DD2 /* HomeWork4_BohdanBuhai */ = {
			isa = PBXGroup;
			children = (
				47F72DCF2A2A7746006698B9 /* DataFlowManager */,
				47F72DCC2A2A2244006698B9 /* CachingManadger */,
				47F72DA92A29FB6D006698B9 /* NetworkManadger */,
				47F72CEC2A1D470F006698B9 /* BarControllers */,
				47B282712A1CAEFF0002EFBB /* Task4Models */,
				47285F352A17FE9700735DD2 /* AppDelegate.swift */,
				47285F372A17FE9700735DD2 /* SceneDelegate.swift */,
				47285F3B2A17FE9700735DD2 /* Main.storyboard */,
				47285F3E2A17FE9900735DD2 /* Assets.xcassets */,
				47285F402A17FE9900735DD2 /* LaunchScreen.storyboard */,
				47285F432A17FE9900735DD2 /* Info.plist */,
				47285F4B2A1B751F00735DD2 /* MyJson.json */,
				47F72CED2A1D4939006698B9 /* Extentions.swift */,
			);
			path = HomeWork4_BohdanBuhai;
			sourceTree = "<group>";
		};
		47B282712A1CAEFF0002EFBB /* Task4Models */ = {
			isa = PBXGroup;
			children = (
				47285F492A1B6F7800735DD2 /* CompaniModels.swift */,
				47B2826D2A1C9ADE0002EFBB /* TrendigMovieModels.swift */,
				47B2826F2A1CAEE40002EFBB /* GenresModel.swift */,
			);
			path = Task4Models;
			sourceTree = "<group>";
		};
		47F72CEC2A1D470F006698B9 /* BarControllers */ = {
			isa = PBXGroup;
			children = (
				47F72CEF2A1D5255006698B9 /* Cells */,
				47F72CEA2A1D46F2006698B9 /* MovieViewController.swift */,
				47285F392A17FE9700735DD2 /* ViewController.swift */,
			);
			path = BarControllers;
			sourceTree = "<group>";
		};
		47F72CEF2A1D5255006698B9 /* Cells */ = {
			isa = PBXGroup;
			children = (
				47F72CF02A1D52CA006698B9 /* MovieTableViewCell.swift */,
				47F72CF12A1D52CA006698B9 /* MovieTableViewCell.xib */,
			);
			path = Cells;
			sourceTree = "<group>";
		};
		47F72DA92A29FB6D006698B9 /* NetworkManadger */ = {
			isa = PBXGroup;
			children = (
				47F72DAA2A29FBC5006698B9 /* NatworkManadger.swift */,
			);
			path = NetworkManadger;
			sourceTree = "<group>";
		};
		47F72DCC2A2A2244006698B9 /* CachingManadger */ = {
			isa = PBXGroup;
			children = (
				47F72DCD2A2A2282006698B9 /* UserDefaultsManadger.swift */,
				47F72DD52A2ABE0E006698B9 /* FileCachingController.swift */,
			);
			path = CachingManadger;
			sourceTree = "<group>";
		};
		47F72DCF2A2A7746006698B9 /* DataFlowManager */ = {
			isa = PBXGroup;
			children = (
				47F72DD02A2A7772006698B9 /* DataFlowManager.swift */,
			);
			path = DataFlowManager;
			sourceTree = "<group>";
		};
/* End PBXGroup section */

/* Begin PBXNativeTarget section */
		47285F312A17FE9700735DD2 /* HomeWork4_BohdanBuhai */ = {
			isa = PBXNativeTarget;
			buildConfigurationList = 47285F462A17FE9900735DD2 /* Build configuration list for PBXNativeTarget "HomeWork4_BohdanBuhai" */;
			buildPhases = (
				47285F2E2A17FE9700735DD2 /* Sources */,
				47285F2F2A17FE9700735DD2 /* Frameworks */,
				47285F302A17FE9700735DD2 /* Resources */,
			);
			buildRules = (
			);
			dependencies = (
			);
			name = HomeWork4_BohdanBuhai;
			productName = HomeWork4_BohdanBuhai;
			productReference = 47285F322A17FE9700735DD2 /* HomeWork4_BohdanBuhai.app */;
			productType = "com.apple.product-type.application";
		};
/* End PBXNativeTarget section */

/* Begin PBXProject section */
		47285F2A2A17FE9700735DD2 /* Project object */ = {
			isa = PBXProject;
			attributes = {
				BuildIndependentTargetsInParallel = 1;
				LastSwiftUpdateCheck = 1410;
				LastUpgradeCheck = 1410;
				TargetAttributes = {
					47285F312A17FE9700735DD2 = {
						CreatedOnToolsVersion = 14.1;
					};
				};
			};
			buildConfigurationList = 47285F2D2A17FE9700735DD2 /* Build configuration list for PBXProject "HomeWork4_BohdanBuhai" */;
			compatibilityVersion = "Xcode 14.0";
			developmentRegion = en;
			hasScannedForEncodings = 0;
			knownRegions = (
				en,
				Base,
			);
			mainGroup = 47285F292A17FE9700735DD2;
			productRefGroup = 47285F332A17FE9700735DD2 /* Products */;
			projectDirPath = "";
			projectRoot = "";
			targets = (
				47285F312A17FE9700735DD2 /* HomeWork4_BohdanBuhai */,
			);
		};
/* End PBXProject section */

/* Begin PBXResourcesBuildPhase section */
		47285F302A17FE9700735DD2 /* Resources */ = {
			isa = PBXResourcesBuildPhase;
			buildActionMask = 2147483647;
			files = (
				47285F422A17FE9900735DD2 /* LaunchScreen.storyboard in Resources */,
				47F72CF32A1D52CA006698B9 /* MovieTableViewCell.xib in Resources */,
				47285F3F2A17FE9900735DD2 /* Assets.xcassets in Resources */,
				47285F3D2A17FE9700735DD2 /* Main.storyboard in Resources */,
				47285F4C2A1B751F00735DD2 /* MyJson.json in Resources */,
			);
			runOnlyForDeploymentPostprocessing = 0;
		};
/* End PBXResourcesBuildPhase section */

/* Begin PBXSourcesBuildPhase section */
		47285F2E2A17FE9700735DD2 /* Sources */ = {
			isa = PBXSourcesBuildPhase;
			buildActionMask = 2147483647;
			files = (
				47F72CEE2A1D4939006698B9 /* Extentions.swift in Sources */,
				47F72DD12A2A7772006698B9 /* DataFlowManager.swift in Sources */,
				47285F3A2A17FE9700735DD2 /* ViewController.swift in Sources */,
				47F72CF22A1D52CA006698B9 /* MovieTableViewCell.swift in Sources */,
				47F72CEB2A1D46F2006698B9 /* MovieViewController.swift in Sources */,
				47285F362A17FE9700735DD2 /* AppDelegate.swift in Sources */,
				47285F382A17FE9700735DD2 /* SceneDelegate.swift in Sources */,
				47F72DD62A2ABE0E006698B9 /* FileCachingController.swift in Sources */,
				47B282702A1CAEE40002EFBB /* GenresModel.swift in Sources */,
				47F72DAB2A29FBC5006698B9 /* NatworkManadger.swift in Sources */,
				47B2826E2A1C9ADE0002EFBB /* TrendigMovieModels.swift in Sources */,
				47F72DCE2A2A2282006698B9 /* UserDefaultsManadger.swift in Sources */,
				47285F4A2A1B6F7800735DD2 /* CompaniModels.swift in Sources */,
			);
			runOnlyForDeploymentPostprocessing = 0;
		};
/* End PBXSourcesBuildPhase section */

/* Begin PBXVariantGroup section */
		47285F3B2A17FE9700735DD2 /* Main.storyboard */ = {
			isa = PBXVariantGroup;
			children = (
				47285F3C2A17FE9700735DD2 /* Base */,
			);
			name = Main.storyboard;
			sourceTree = "<group>";
		};
		47285F402A17FE9900735DD2 /* LaunchScreen.storyboard */ = {
			isa = PBXVariantGroup;
			children = (
				47285F412A17FE9900735DD2 /* Base */,
			);
			name = LaunchScreen.storyboard;
			sourceTree = "<group>";
		};
/* End PBXVariantGroup section */

/* Begin XCBuildConfiguration section */
		47285F442A17FE9900735DD2 /* Debug */ = {
			isa = XCBuildConfiguration;
			buildSettings = {
				ALWAYS_SEARCH_USER_PATHS = NO;
				CLANG_ANALYZER_NONNULL = YES;
				CLANG_ANALYZER_NUMBER_OBJECT_CONVERSION = YES_AGGRESSIVE;
				CLANG_CXX_LANGUAGE_STANDARD = "gnu++20";
				CLANG_ENABLE_MODULES = YES;
				CLANG_ENABLE_OBJC_ARC = YES;
				CLANG_ENABLE_OBJC_WEAK = YES;
				CLANG_WARN_BLOCK_CAPTURE_AUTORELEASING = YES;
				CLANG_WARN_BOOL_CONVERSION = YES;
				CLANG_WARN_COMMA = YES;
				CLANG_WARN_CONSTANT_CONVERSION = YES;
				CLANG_WARN_DEPRECATED_OBJC_IMPLEMENTATIONS = YES;
				CLANG_WARN_DIRECT_OBJC_ISA_USAGE = YES_ERROR;
				CLANG_WARN_DOCUMENTATION_COMMENTS = YES;
				CLANG_WARN_EMPTY_BODY = YES;
				CLANG_WARN_ENUM_CONVERSION = YES;
				CLANG_WARN_INFINITE_RECURSION = YES;
				CLANG_WARN_INT_CONVERSION = YES;
				CLANG_WARN_NON_LITERAL_NULL_CONVERSION = YES;
				CLANG_WARN_OBJC_IMPLICIT_RETAIN_SELF = YES;
				CLANG_WARN_OBJC_LITERAL_CONVERSION = YES;
				CLANG_WARN_OBJC_ROOT_CLASS = YES_ERROR;
				CLANG_WARN_QUOTED_INCLUDE_IN_FRAMEWORK_HEADER = YES;
				CLANG_WARN_RANGE_LOOP_ANALYSIS = YES;
				CLANG_WARN_STRICT_PROTOTYPES = YES;
				CLANG_WARN_SUSPICIOUS_MOVE = YES;
				CLANG_WARN_UNGUARDED_AVAILABILITY = YES_AGGRESSIVE;
				CLANG_WARN_UNREACHABLE_CODE = YES;
				CLANG_WARN__DUPLICATE_METHOD_MATCH = YES;
				COPY_PHASE_STRIP = NO;
				DEBUG_INFORMATION_FORMAT = dwarf;
				ENABLE_STRICT_OBJC_MSGSEND = YES;
				ENABLE_TESTABILITY = YES;
				GCC_C_LANGUAGE_STANDARD = gnu11;
				GCC_DYNAMIC_NO_PIC = NO;
				GCC_NO_COMMON_BLOCKS = YES;
				GCC_OPTIMIZATION_LEVEL = 0;
				GCC_PREPROCESSOR_DEFINITIONS = (
					"DEBUG=1",
					"$(inherited)",
				);
				GCC_WARN_64_TO_32_BIT_CONVERSION = YES;
				GCC_WARN_ABOUT_RETURN_TYPE = YES_ERROR;
				GCC_WARN_UNDECLARED_SELECTOR = YES;
				GCC_WARN_UNINITIALIZED_AUTOS = YES_AGGRESSIVE;
				GCC_WARN_UNUSED_FUNCTION = YES;
				GCC_WARN_UNUSED_VARIABLE = YES;
				IPHONEOS_DEPLOYMENT_TARGET = 16.1;
				MTL_ENABLE_DEBUG_INFO = INCLUDE_SOURCE;
				MTL_FAST_MATH = YES;
				ONLY_ACTIVE_ARCH = YES;
				SDKROOT = iphoneos;
				SWIFT_ACTIVE_COMPILATION_CONDITIONS = DEBUG;
				SWIFT_OPTIMIZATION_LEVEL = "-Onone";
			};
			name = Debug;
		};
		47285F452A17FE9900735DD2 /* Release */ = {
			isa = XCBuildConfiguration;
			buildSettings = {
				ALWAYS_SEARCH_USER_PATHS = NO;
				CLANG_ANALYZER_NONNULL = YES;
				CLANG_ANALYZER_NUMBER_OBJECT_CONVERSION = YES_AGGRESSIVE;
				CLANG_CXX_LANGUAGE_STANDARD = "gnu++20";
				CLANG_ENABLE_MODULES = YES;
				CLANG_ENABLE_OBJC_ARC = YES;
				CLANG_ENABLE_OBJC_WEAK = YES;
				CLANG_WARN_BLOCK_CAPTURE_AUTORELEASING = YES;
				CLANG_WARN_BOOL_CONVERSION = YES;
				CLANG_WARN_COMMA = YES;
				CLANG_WARN_CONSTANT_CONVERSION = YES;
				CLANG_WARN_DEPRECATED_OBJC_IMPLEMENTATIONS = YES;
				CLANG_WARN_DIRECT_OBJC_ISA_USAGE = YES_ERROR;
				CLANG_WARN_DOCUMENTATION_COMMENTS = YES;
				CLANG_WARN_EMPTY_BODY = YES;
				CLANG_WARN_ENUM_CONVERSION = YES;
				CLANG_WARN_INFINITE_RECURSION = YES;
				CLANG_WARN_INT_CONVERSION = YES;
				CLANG_WARN_NON_LITERAL_NULL_CONVERSION = YES;
				CLANG_WARN_OBJC_IMPLICIT_RETAIN_SELF = YES;
				CLANG_WARN_OBJC_LITERAL_CONVERSION = YES;
				CLANG_WARN_OBJC_ROOT_CLASS = YES_ERROR;
				CLANG_WARN_QUOTED_INCLUDE_IN_FRAMEWORK_HEADER = YES;
				CLANG_WARN_RANGE_LOOP_ANALYSIS = YES;
				CLANG_WARN_STRICT_PROTOTYPES = YES;
				CLANG_WARN_SUSPICIOUS_MOVE = YES;
				CLANG_WARN_UNGUARDED_AVAILABILITY = YES_AGGRESSIVE;
				CLANG_WARN_UNREACHABLE_CODE = YES;
				CLANG_WARN__DUPLICATE_METHOD_MATCH = YES;
				COPY_PHASE_STRIP = NO;
				DEBUG_INFORMATION_FORMAT = "dwarf-with-dsym";
				ENABLE_NS_ASSERTIONS = NO;
				ENABLE_STRICT_OBJC_MSGSEND = YES;
				GCC_C_LANGUAGE_STANDARD = gnu11;
				GCC_NO_COMMON_BLOCKS = YES;
				GCC_WARN_64_TO_32_BIT_CONVERSION = YES;
				GCC_WARN_ABOUT_RETURN_TYPE = YES_ERROR;
				GCC_WARN_UNDECLARED_SELECTOR = YES;
				GCC_WARN_UNINITIALIZED_AUTOS = YES_AGGRESSIVE;
				GCC_WARN_UNUSED_FUNCTION = YES;
				GCC_WARN_UNUSED_VARIABLE = YES;
				IPHONEOS_DEPLOYMENT_TARGET = 16.1;
				MTL_ENABLE_DEBUG_INFO = NO;
				MTL_FAST_MATH = YES;
				SDKROOT = iphoneos;
				SWIFT_COMPILATION_MODE = wholemodule;
				SWIFT_OPTIMIZATION_LEVEL = "-O";
				VALIDATE_PRODUCT = YES;
			};
			name = Release;
		};
		47285F472A17FE9900735DD2 /* Debug */ = {
			isa = XCBuildConfiguration;
			buildSettings = {
				ASSETCATALOG_COMPILER_APPICON_NAME = AppIcon;
				ASSETCATALOG_COMPILER_GLOBAL_ACCENT_COLOR_NAME = AccentColor;
				CODE_SIGN_STYLE = Automatic;
				CURRENT_PROJECT_VERSION = 1;
				GENERATE_INFOPLIST_FILE = YES;
				INFOPLIST_FILE = HomeWork4_BohdanBuhai/Info.plist;
				INFOPLIST_KEY_UIApplicationSupportsIndirectInputEvents = YES;
				INFOPLIST_KEY_UILaunchStoryboardName = LaunchScreen;
				INFOPLIST_KEY_UIMainStoryboardFile = Main;
				INFOPLIST_KEY_UISupportedInterfaceOrientations_iPad = "UIInterfaceOrientationPortrait UIInterfaceOrientationPortraitUpsideDown UIInterfaceOrientationLandscapeLeft UIInterfaceOrientationLandscapeRight";
				INFOPLIST_KEY_UISupportedInterfaceOrientations_iPhone = "UIInterfaceOrientationPortrait UIInterfaceOrientationLandscapeLeft UIInterfaceOrientationLandscapeRight";
				LD_RUNPATH_SEARCH_PATHS = (
					"$(inherited)",
					"@executable_path/Frameworks",
				);
				MARKETING_VERSION = 1.0;
				PRODUCT_BUNDLE_IDENTIFIER = "Bohdan.HomeWork4-BohdanBuhai";
				PRODUCT_NAME = "$(TARGET_NAME)";
				SWIFT_EMIT_LOC_STRINGS = YES;
				SWIFT_VERSION = 5.0;
				TARGETED_DEVICE_FAMILY = "1,2";
			};
			name = Debug;
		};
		47285F482A17FE9900735DD2 /* Release */ = {
			isa = XCBuildConfiguration;
			buildSettings = {
				ASSETCATALOG_COMPILER_APPICON_NAME = AppIcon;
				ASSETCATALOG_COMPILER_GLOBAL_ACCENT_COLOR_NAME = AccentColor;
				CODE_SIGN_STYLE = Automatic;
				CURRENT_PROJECT_VERSION = 1;
				GENERATE_INFOPLIST_FILE = YES;
				INFOPLIST_FILE = HomeWork4_BohdanBuhai/Info.plist;
				INFOPLIST_KEY_UIApplicationSupportsIndirectInputEvents = YES;
				INFOPLIST_KEY_UILaunchStoryboardName = LaunchScreen;
				INFOPLIST_KEY_UIMainStoryboardFile = Main;
				INFOPLIST_KEY_UISupportedInterfaceOrientations_iPad = "UIInterfaceOrientationPortrait UIInterfaceOrientationPortraitUpsideDown UIInterfaceOrientationLandscapeLeft UIInterfaceOrientationLandscapeRight";
				INFOPLIST_KEY_UISupportedInterfaceOrientations_iPhone = "UIInterfaceOrientationPortrait UIInterfaceOrientationLandscapeLeft UIInterfaceOrientationLandscapeRight";
				LD_RUNPATH_SEARCH_PATHS = (
					"$(inherited)",
					"@executable_path/Frameworks",
				);
				MARKETING_VERSION = 1.0;
				PRODUCT_BUNDLE_IDENTIFIER = "Bohdan.HomeWork4-BohdanBuhai";
				PRODUCT_NAME = "$(TARGET_NAME)";
				SWIFT_EMIT_LOC_STRINGS = YES;
				SWIFT_VERSION = 5.0;
				TARGETED_DEVICE_FAMILY = "1,2";
			};
			name = Release;
		};
/* End XCBuildConfiguration section */

/* Begin XCConfigurationList section */
		47285F2D2A17FE9700735DD2 /* Build configuration list for PBXProject "HomeWork4_BohdanBuhai" */ = {
			isa = XCConfigurationList;
			buildConfigurations = (
				47285F442A17FE9900735DD2 /* Debug */,
				47285F452A17FE9900735DD2 /* Release */,
			);
			defaultConfigurationIsVisible = 0;
			defaultConfigurationName = Release;
		};
		47285F462A17FE9900735DD2 /* Build configuration list for PBXNativeTarget "HomeWork4_BohdanBuhai" */ = {
			isa = XCConfigurationList;
			buildConfigurations = (
				47285F472A17FE9900735DD2 /* Debug */,
				47285F482A17FE9900735DD2 /* Release */,
			);
			defaultConfigurationIsVisible = 0;
			defaultConfigurationName = Release;
		};
/* End XCConfigurationList section */
	};
	rootObject = 47285F2A2A17FE9700735DD2 /* Project object */;
}
